
Microsoft Visual Studio Solution File, Format Version 12.00
# Visual Studio Version 16
VisualStudioVersion = 16.0.35325.158
MinimumVisualStudioVersion = 10.0.40219.1
Project("{FAE04EC0-301F-11D3-BF4B-00C04F79EFBC}") = "DemoCalculatorLib", "DemoCalculatorLib\DemoCalculatorLib.csproj", "{37561414-DF97-4A5F-9536-6987957E71DF}"
EndProject
Global
	GlobalSection(SolutionConfigurationPlatforms) = preSolution
		Debug|Any CPU = Debug|Any CPU
		Release|Any CPU = Release|Any CPU
	EndGlobalSection
	GlobalSection(ProjectConfigurationPlatforms) = postSolution
		{37561414-DF97-4A5F-9536-6987957E71DF}.Debug|Any CPU.ActiveCfg = Debug|Any CPU
		{37561414-DF97-4A5F-9536-6987957E71DF}.Debug|Any CPU.Build.0 = Debug|Any CPU
		{37561414-DF97-4A5F-9536-6987957E71DF}.Release|Any CPU.ActiveCfg = Release|Any CPU
		{37561414-DF97-4A5F-9536-6987957E71DF}.Release|Any CPU.Build.0 = Release|Any CPU
	EndGlobalSection
	GlobalSection(SolutionProperties) = preSolution
		HideSolutionNode = FALSE
	EndGlobalSection
	GlobalSection(ExtensibilityGlobals) = postSolution
		SolutionGuid = {56776C61-D345-4B01-9DE3-D10E1A6CC24F}
	EndGlobalSection
EndGlobal
